{
  "name": "protocolbuffers-practice",
  "version": "1.0.0",
  "lockfileVersion": 1,
  "requires": true,
  "dependencies": {
    "google-protobuf": {
      "version": "3.20.1-rc.1",
      "resolved": "https://registry.npmjs.org/google-protobuf/-/google-protobuf-3.20.1-rc.1.tgz",
      "integrity": "sha512-yNUNM2lG7wXatiElx7VWfiMZieWPdvJlZJRlk7o3Mgi43jlfXQnhQUr/b85cpYx5XalRDWo2fD/lDTrLazECFA=="
    }
  }
}
